// !$*UTF8*$!
{
	archiveVersion = 1;
	classes = {
	};
	objectVersion = 46;
	objects = {

/* Begin PBXBuildFile section */
		185A5F9C1AFC93EA005846D8 /* main.m in Sources */ = {isa = PBXBuildFile; fileRef = 185A5F9B1AFC93EA005846D8 /* main.m */; };
		185A5F9F1AFC93EA005846D8 /* AppDelegate.m in Sources */ = {isa = PBXBuildFile; fileRef = 185A5F9E1AFC93EA005846D8 /* AppDelegate.m */; };
		185A5FA21AFC93EA005846D8 /* ViewController.m in Sources */ = {isa = PBXBuildFile; fileRef = 185A5FA11AFC93EA005846D8 /* ViewController.m */; };
		185A5FA51AFC93EA005846D8 /* Main.storyboard in Resources */ = {isa = PBXBuildFile; fileRef = 185A5FA31AFC93EA005846D8 /* Main.storyboard */; };
		185A5FA71AFC93EA005846D8 /* Images.xcassets in Resources */ = {isa = PBXBuildFile; fileRef = 185A5FA61AFC93EA005846D8 /* Images.xcassets */; };
		185A5FAA1AFC93EA005846D8 /* LaunchScreen.xib in Resources */ = {isa = PBXBuildFile; fileRef = 185A5FA81AFC93EA005846D8 /* LaunchScreen.xib */; };
		185A5FB61AFC93EA005846D8 /* FLAdviewTestTests.m in Sources */ = {isa = PBXBuildFile; fileRef = 185A5FB51AFC93EA005846D8 /* FLAdviewTestTests.m */; };
		185A5FC61AFC940F005846D8 /* FLAdView.m in Sources */ = {isa = PBXBuildFile; fileRef = 185A5FC11AFC940F005846D8 /* FLAdView.m */; };
		185A5FC71AFC940F005846D8 /* FLScrollView.m in Sources */ = {isa = PBXBuildFile; fileRef = 185A5FC31AFC940F005846D8 /* FLScrollView.m */; };
		185A5FC81AFC940F005846D8 /* TapImageView.m in Sources */ = {isa = PBXBuildFile; fileRef = 185A5FC51AFC940F005846D8 /* TapImageView.m */; };
/* End PBXBuildFile section */

/* Begin PBXContainerItemProxy section */
		185A5FB01AFC93EA005846D8 /* PBXContainerItemProxy */ = {
			isa = PBXContainerItemProxy;
			containerPortal = 185A5F8E1AFC93EA005846D8 /* Project object */;
			proxyType = 1;
			remoteGlobalIDString = 185A5F951AFC93EA005846D8;
			remoteInfo = FLAdviewTest;
		};
/* End PBXContainerItemProxy section */

/* Begin PBXFileReference section */
		185A5F961AFC93EA005846D8 /* FLAdviewTest.app */ = {isa = PBXFileReference; explicitFileType = wrapper.application; includeInIndex = 0; path = FLAdviewTest.app; sourceTree = BUILT_PRODUCTS_DIR; };
		185A5F9A1AFC93EA005846D8 /* Info.plist */ = {isa = PBXFileReference; lastKnownFileType = text.plist.xml; path = Info.plist; sourceTree = "<group>"; };
		185A5F9B1AFC93EA005846D8 /* main.m */ = {isa = PBXFileReference; lastKnownFileType = sourcecode.c.objc; path = main.m; sourceTree = "<group>"; };
		185A5F9D1AFC93EA005846D8 /* AppDelegate.h */ = {isa = PBXFileReference; lastKnownFileType = sourcecode.c.h; path = AppDelegate.h; sourceTree = "<group>"; };
		185A5F9E1AFC93EA005846D8 /* AppDelegate.m */ = {isa = PBXFileReference; lastKnownFileType = sourcecode.c.objc; path = AppDelegate.m; sourceTree = "<group>"; };
		185A5FA01AFC93EA005846D8 /* ViewController.h */ = {isa = PBXFileReference; lastKnownFileType = sourcecode.c.h; path = ViewController.h; sourceTree = "<group>"; };
		185A5FA11AFC93EA005846D8 /* ViewController.m */ = {isa = PBXFileReference; lastKnownFileType = sourcecode.c.objc; path = ViewController.m; sourceTree = "<group>"; };
		185A5FA41AFC93EA005846D8 /* Base */ = {isa = PBXFileReference; lastKnownFileType = file.storyboard; name = Base; path = Base.lproj/Main.storyboard; sourceTree = "<group>"; };
		185A5FA61AFC93EA005846D8 /* Images.xcassets */ = {isa = PBXFileReference; lastKnownFileType = folder.assetcatalog; path = Images.xcassets; sourceTree = "<group>"; };
		185A5FA91AFC93EA005846D8 /* Base */ = {isa = PBXFileReference; lastKnownFileType = file.xib; name = Base; path = Base.lproj/LaunchScreen.xib; sourceTree = "<group>"; };
		185A5FAF1AFC93EA005846D8 /* FLAdviewTestTests.xctest */ = {isa = PBXFileReference; explicitFileType = wrapper.cfbundle; includeInIndex = 0; path = FLAdviewTestTests.xctest; sourceTree = BUILT_PRODUCTS_DIR; };
		185A5FB41AFC93EA005846D8 /* Info.plist */ = {isa = PBXFileReference; lastKnownFileType = text.plist.xml; path = Info.plist; sourceTree = "<group>"; };
		185A5FB51AFC93EA005846D8 /* FLAdviewTestTests.m */ = {isa = PBXFileReference; lastKnownFileType = sourcecode.c.objc; path = FLAdviewTestTests.m; sourceTree = "<group>"; };
		185A5FC01AFC940F005846D8 /* FLAdView.h */ = {isa = PBXFileReference; fileEncoding = 4; lastKnownFileType = sourcecode.c.h; path = FLAdView.h; sourceTree = "<group>"; };
		185A5FC11AFC940F005846D8 /* FLAdView.m */ = {isa = PBXFileReference; fileEncoding = 4; lastKnownFileType = sourcecode.c.objc; path = FLAdView.m; sourceTree = "<group>"; };
		185A5FC21AFC940F005846D8 /* FLScrollView.h */ = {isa = PBXFileReference; fileEncoding = 4; lastKnownFileType = sourcecode.c.h; path = FLScrollView.h; sourceTree = "<group>"; };
		185A5FC31AFC940F005846D8 /* FLScrollView.m */ = {isa = PBXFileReference; fileEncoding = 4; lastKnownFileType = sourcecode.c.objc; path = FLScrollView.m; sourceTree = "<group>"; };
		185A5FC41AFC940F005846D8 /* TapImageView.h */ = {isa = PBXFileReference; fileEncoding = 4; lastKnownFileType = sourcecode.c.h; path = TapImageView.h; sourceTree = "<group>"; };
		185A5FC51AFC940F005846D8 /* TapImageView.m */ = {isa = PBXFileReference; fileEncoding = 4; lastKnownFileType = sourcecode.c.objc; path = TapImageView.m; sourceTree = "<group>"; };
/* End PBXFileReference section */

/* Begin PBXFrameworksBuildPhase section */
		185A5F931AFC93EA005846D8 /* Frameworks */ = {
			isa = PBXFrameworksBuildPhase;
			buildActionMask = 2147483647;
			files = (
			);
			runOnlyForDeploymentPostprocessing = 0;
		};
		185A5FAC1AFC93EA005846D8 /* Frameworks */ = {
			isa = PBXFrameworksBuildPhase;
			buildActionMask = 2147483647;
			files = (
			);
			runOnlyForDeploymentPostprocessing = 0;
		};
/* End PBXFrameworksBuildPhase section */

/* Begin PBXGroup section */
		185A5F8D1AFC93EA005846D8 = {
			isa = PBXGroup;
			children = (
				185A5F981AFC93EA005846D8 /* FLAdviewTest */,
				185A5FB21AFC93EA005846D8 /* FLAdviewTestTests */,
				185A5F971AFC93EA005846D8 /* Products */,
			);
			sourceTree = "<group>";
		};
		185A5F971AFC93EA005846D8 /* Products */ = {
			isa = PBXGroup;
			children = (
				185A5F961AFC93EA005846D8 /* FLAdviewTest.app */,
				185A5FAF1AFC93EA005846D8 /* FLAdviewTestTests.xctest */,
			);
			name = Products;
			sourceTree = "<group>";
		};
		185A5F981AFC93EA005846D8 /* FLAdviewTest */ = {
			isa = PBXGroup;
			children = (
				185A5FBF1AFC940F005846D8 /* FLAdview */,
				185A5F9D1AFC93EA005846D8 /* AppDelegate.h */,
				185A5F9E1AFC93EA005846D8 /* AppDelegate.m */,
				185A5FA01AFC93EA005846D8 /* ViewController.h */,
				185A5FA11AFC93EA005846D8 /* ViewController.m */,
				185A5FA31AFC93EA005846D8 /* Main.storyboard */,
				185A5FA61AFC93EA005846D8 /* Images.xcassets */,
				185A5FA81AFC93EA005846D8 /* LaunchScreen.xib */,
				185A5F991AFC93EA005846D8 /* Supporting Files */,
			);
			path = FLAdviewTest;
			sourceTree = "<group>";
		};
		185A5F991AFC93EA005846D8 /* Supporting Files */ = {
			isa = PBXGroup;
			children = (
				185A5F9A1AFC93EA005846D8 /* Info.plist */,
				185A5F9B1AFC93EA005846D8 /* main.m */,
			);
			name = "Supporting Files";
			sourceTree = "<group>";
		};
		185A5FB21AFC93EA005846D8 /* FLAdviewTestTests */ = {
			isa = PBXGroup;
			children = (
				185A5FB51AFC93EA005846D8 /* FLAdviewTestTests.m */,
				185A5FB31AFC93EA005846D8 /* Supporting Files */,
			);
			path = FLAdviewTestTests;
			sourceTree = "<group>";
		};
		185A5FB31AFC93EA005846D8 /* Supporting Files */ = {
			isa = PBXGroup;
			children = (
				185A5FB41AFC93EA005846D8 /* Info.plist */,
			);
			name = "Supporting Files";
			sourceTree = "<group>";
		};
		185A5FBF1AFC940F005846D8 /* FLAdview */ = {
			isa = PBXGroup;
			children = (
				185A5FC01AFC940F005846D8 /* FLAdView.h */,
				185A5FC11AFC940F005846D8 /* FLAdView.m */,
				185A5FC21AFC940F005846D8 /* FLScrollView.h */,
				185A5FC31AFC940F005846D8 /* FLScrollView.m */,
				185A5FC41AFC940F005846D8 /* TapImageView.h */,
				185A5FC51AFC940F005846D8 /* TapImageView.m */,
			);
			path = FLAdview;
			sourceTree = "<group>";
		};
/* End PBXGroup section */

/* Begin PBXNativeTarget section */
		185A5F951AFC93EA005846D8 /* FLAdviewTest */ = {
			isa = PBXNativeTarget;
			buildConfigurationList = 185A5FB91AFC93EA005846D8 /* Build configuration list for PBXNativeTarget "FLAdviewTest" */;
			buildPhases = (
				185A5F921AFC93EA005846D8 /* Sources */,
				185A5F931AFC93EA005846D8 /* Frameworks */,
				185A5F941AFC93EA005846D8 /* Resources */,
			);
			buildRules = (
			);
			dependencies = (
			);
			name = FLAdviewTest;
			productName = FLAdviewTest;
			productReference = 185A5F961AFC93EA005846D8 /* FLAdviewTest.app */;
			productType = "com.apple.product-type.application";
		};
		185A5FAE1AFC93EA005846D8 /* FLAdviewTestTests */ = {
			isa = PBXNativeTarget;
			buildConfigurationList = 185A5FBC1AFC93EA005846D8 /* Build configuration list for PBXNativeTarget "FLAdviewTestTests" */;
			buildPhases = (
				185A5FAB1AFC93EA005846D8 /* Sources */,
				185A5FAC1AFC93EA005846D8 /* Frameworks */,
				185A5FAD1AFC93EA005846D8 /* Resources */,
			);
			buildRules = (
			);
			dependencies = (
				185A5FB11AFC93EA005846D8 /* PBXTargetDependency */,
			);
			name = FLAdviewTestTests;
			productName = FLAdviewTestTests;
			productReference = 185A5FAF1AFC93EA005846D8 /* FLAdviewTestTests.xctest */;
			productType = "com.apple.product-type.bundle.unit-test";
		};
/* End PBXNativeTarget section */

/* Begin PBXProject section */
		185A5F8E1AFC93EA005846D8 /* Project object */ = {
			isa = PBXProject;
			attributes = {
				LastUpgradeCheck = 0630;
				ORGANIZATIONNAME = HikVision;
				TargetAttributes = {
					185A5F951AFC93EA005846D8 = {
						CreatedOnToolsVersion = 6.3.1;
					};
					185A5FAE1AFC93EA005846D8 = {
						CreatedOnToolsVersion = 6.3.1;
						TestTargetID = 185A5F951AFC93EA005846D8;
					};
				};
			};
			buildConfigurationList = 185A5F911AFC93EA005846D8 /* Build configuration list for PBXProject "FLAdviewTest" */;
			compatibilityVersion = "Xcode 3.2";
			developmentRegion = English;
			hasScannedForEncodings = 0;
			knownRegions = (
				en,
				Base,
			);
			mainGroup = 185A5F8D1AFC93EA005846D8;
			productRefGroup = 185A5F971AFC93EA005846D8 /* Products */;
			projectDirPath = "";
			projectRoot = "";
			targets = (
				185A5F951AFC93EA005846D8 /* FLAdviewTest */,
				185A5FAE1AFC93EA005846D8 /* FLAdviewTestTests */,
			);
		};
/* End PBXProject section */

/* Begin PBXResourcesBuildPhase section */
		185A5F941AFC93EA005846D8 /* Resources */ = {
			isa = PBXResourcesBuildPhase;
			buildActionMask = 2147483647;
			files = (
				185A5FA51AFC93EA005846D8 /* Main.storyboard in Resources */,
				185A5FAA1AFC93EA005846D8 /* LaunchScreen.xib in Resources */,
				185A5FA71AFC93EA005846D8 /* Images.xcassets in Resources */,
			);
			runOnlyForDeploymentPostprocessing = 0;
		};
		185A5FAD1AFC93EA005846D8 /* Resources */ = {
			isa = PBXResourcesBuildPhase;
			buildActionMask = 2147483647;
			files = (
			);
			runOnlyForDeploymentPostprocessing = 0;
		};
/* End PBXResourcesBuildPhase section */

/* Begin PBXSourcesBuildPhase section */
		185A5F921AFC93EA005846D8 /* Sources */ = {
			isa = PBXSourcesBuildPhase;
			buildActionMask = 2147483647;
			files = (
				185A5FC71AFC940F005846D8 /* FLScrollView.m in Sources */,
				185A5FA21AFC93EA005846D8 /* ViewController.m in Sources */,
				185A5F9F1AFC93EA005846D8 /* AppDelegate.m in Sources */,
				185A5F9C1AFC93EA005846D8 /* main.m in Sources */,
				185A5FC81AFC940F005846D8 /* TapImageView.m in Sources */,
				185A5FC61AFC940F005846D8 /* FLAdView.m in Sources */,
			);
			runOnlyForDeploymentPostprocessing = 0;
		};
		185A5FAB1AFC93EA005846D8 /* Sources */ = {
			isa = PBXSourcesBuildPhase;
			buildActionMask = 2147483647;
			files = (
				185A5FB61AFC93EA005846D8 /* FLAdviewTestTests.m in Sources */,
			);
			runOnlyForDeploymentPostprocessing = 0;
		};
/* End PBXSourcesBuildPhase section */

/* Begin PBXTargetDependency section */
		185A5FB11AFC93EA005846D8 /* PBXTargetDependency */ = {
			isa = PBXTargetDependency;
			target = 185A5F951AFC93EA005846D8 /* FLAdviewTest */;
			targetProxy = 185A5FB01AFC93EA005846D8 /* PBXContainerItemProxy */;
		};
/* End PBXTargetDependency section */

/* Begin PBXVariantGroup section */
		185A5FA31AFC93EA005846D8 /* Main.storyboard */ = {
			isa = PBXVariantGroup;
			children = (
				185A5FA41AFC93EA005846D8 /* Base */,
			);
			name = Main.storyboard;
			sourceTree = "<group>";
		};
		185A5FA81AFC93EA005846D8 /* LaunchScreen.xib */ = {
			isa = PBXVariantGroup;
			children = (
				185A5FA91AFC93EA005846D8 /* Base */,
			);
			name = LaunchScreen.xib;
			sourceTree = "<group>";
		};
/* End PBXVariantGroup section */

/* Begin XCBuildConfiguration section */
		185A5FB71AFC93EA005846D8 /* Debug */ = {
			isa = XCBuildConfiguration;
			buildSettings = {
				ALWAYS_SEARCH_USER_PATHS = NO;
				CLANG_CXX_LANGUAGE_STANDARD = "gnu++0x";
				CLANG_CXX_LIBRARY = "libc++";
				CLANG_ENABLE_MODULES = YES;
				CLANG_ENABLE_OBJC_ARC = YES;
				CLANG_WARN_BOOL_CONVERSION = YES;
				CLANG_WARN_CONSTANT_CONVERSION = YES;
				CLANG_WARN_DIRECT_OBJC_ISA_USAGE = YES_ERROR;
				CLANG_WARN_EMPTY_BODY = YES;
				CLANG_WARN_ENUM_CONVERSION = YES;
				CLANG_WARN_INT_CONVERSION = YES;
				CLANG_WARN_OBJC_ROOT_CLASS = YES_ERROR;
				CLANG_WARN_UNREACHABLE_CODE = YES;
				CLANG_WARN__DUPLICATE_METHOD_MATCH = YES;
				"CODE_SIGN_IDENTITY[sdk=iphoneos*]" = "iPhone Developer";
				COPY_PHASE_STRIP = NO;
				DEBUG_INFORMATION_FORMAT = "dwarf-with-dsym";
				ENABLE_STRICT_OBJC_MSGSEND = YES;
				GCC_C_LANGUAGE_STANDARD = gnu99;
				GCC_DYNAMIC_NO_PIC = NO;
				GCC_NO_COMMON_BLOCKS = YES;
				GCC_OPTIMIZATION_LEVEL = 0;
				GCC_PREPROCESSOR_DEFINITIONS = (
					"DEBUG=1",
					"$(inherited)",
				);
				GCC_SYMBOLS_PRIVATE_EXTERN = NO;
				GCC_WARN_64_TO_32_BIT_CONVERSION = YES;
				GCC_WARN_ABOUT_RETURN_TYPE = YES_ERROR;
				GCC_WARN_UNDECLARED_SELECTOR = YES;
				GCC_WARN_UNINITIALIZED_AUTOS = YES_AGGRESSIVE;
				GCC_WARN_UNUSED_FUNCTION = YES;
				GCC_WARN_UNUSED_VARIABLE = YES;
				IPHONEOS_DEPLOYMENT_TARGET = 8.3;
				MTL_ENABLE_DEBUG_INFO = YES;
				ONLY_ACTIVE_ARCH = YES;
				SDKROOT = iphoneos;
				TARGETED_DEVICE_FAMILY = "1,2";
			};
			name = Debug;
		};
		185A5FB81AFC93EA005846D8 /* Release */ = {
			isa = XCBuildConfiguration;
			buildSettings = {
				ALWAYS_SEARCH_USER_PATHS = NO;
				CLANG_CXX_LANGUAGE_STANDARD = "gnu++0x";
				CLANG_CXX_LIBRARY = "libc++";
				CLANG_ENABLE_MODULES = YES;
				CLANG_ENABLE_OBJC_ARC = YES;
				CLANG_WARN_BOOL_CONVERSION = YES;
				CLANG_WARN_CONSTANT_CONVERSION = YES;
				CLANG_WARN_DIRECT_OBJC_ISA_USAGE = YES_ERROR;
				CLANG_WARN_EMPTY_BODY = YES;
				CLANG_WARN_ENUM_CONVERSION = YES;
				CLANG_WARN_INT_CONVERSION = YES;
				CLANG_WARN_OBJC_ROOT_CLASS = YES_ERROR;
				CLANG_WARN_UNREACHABLE_CODE = YES;
				CLANG_WARN__DUPLICATE_METHOD_MATCH = YES;
				"CODE_SIGN_IDENTITY[sdk=iphoneos*]" = "iPhone Developer";
				COPY_PHASE_STRIP = NO;
				DEBUG_INFORMATION_FORMAT = "dwarf-with-dsym";
				ENABLE_NS_ASSERTIONS = NO;
				ENABLE_STRICT_OBJC_MSGSEND = YES;
				GCC_C_LANGUAGE_STANDARD = gnu99;
				GCC_NO_COMMON_BLOCKS = YES;
				GCC_WARN_64_TO_32_BIT_CONVERSION = YES;
				GCC_WARN_ABOUT_RETURN_TYPE = YES_ERROR;
				GCC_WARN_UNDECLARED_SELECTOR = YES;
				GCC_WARN_UNINITIALIZED_AUTOS = YES_AGGRESSIVE;
				GCC_WARN_UNUSED_FUNCTION = YES;
				GCC_WARN_UNUSED_VARIABLE = YES;
				IPHONEOS_DEPLOYMENT_TARGET = 8.3;
				MTL_ENABLE_DEBUG_INFO = NO;
				SDKROOT = iphoneos;
				TARGETED_DEVICE_FAMILY = "1,2";
				VALIDATE_PRODUCT = YES;
			};
			name = Release;
		};
		185A5FBA1AFC93EA005846D8 /* Debug */ = {
			isa = XCBuildConfiguration;
			buildSettings = {
				ASSETCATALOG_COMPILER_APPICON_NAME = AppIcon;
				INFOPLIST_FILE = FLAdviewTest/Info.plist;
				LD_RUNPATH_SEARCH_PATHS = "$(inherited) @executable_path/Frameworks";
				PRODUCT_NAME = "$(TARGET_NAME)";
			};
			name = Debug;
		};
		185A5FBB1AFC93EA005846D8 /* Release */ = {
			isa = XCBuildConfiguration;
			buildSettings = {
				ASSETCATALOG_COMPILER_APPICON_NAME = AppIcon;
				INFOPLIST_FILE = FLAdviewTest/Info.plist;
				LD_RUNPATH_SEARCH_PATHS = "$(inherited) @executable_path/Frameworks";
				PRODUCT_NAME = "$(TARGET_NAME)";
			};
			name = Release;
		};
		185A5FBD1AFC93EA005846D8 /* Debug */ = {
			isa = XCBuildConfiguration;
			buildSettings = {
				BUNDLE_LOADER = "$(TEST_HOST)";
				FRAMEWORK_SEARCH_PATHS = (
					"$(SDKROOT)/Developer/Library/Frameworks",
					"$(inherited)",
				);
				GCC_PREPROCESSOR_DEFINITIONS = (
					"DEBUG=1",
					"$(inherited)",
				);
				INFOPLIST_FILE = FLAdviewTestTests/Info.plist;
				LD_RUNPATH_SEARCH_PATHS = "$(inherited) @executable_path/Frameworks @loader_path/Frameworks";
				PRODUCT_NAME = "$(TARGET_NAME)";
				TEST_HOST = "$(BUILT_PRODUCTS_DIR)/FLAdviewTest.app/FLAdviewTest";
			};
			name = Debug;
		};
		185A5FBE1AFC93EA005846D8 /* Release */ = {
			isa = XCBuildConfiguration;
			buildSettings = {
				BUNDLE_LOADER = "$(TEST_HOST)";
				FRAMEWORK_SEARCH_PATHS = (
					"$(SDKROOT)/Developer/Library/Frameworks",
					"$(inherited)",
				);
				INFOPLIST_FILE = FLAdviewTestTests/Info.plist;
				LD_RUNPATH_SEARCH_PATHS = "$(inherited) @executable_path/Frameworks @loader_path/Frameworks";
				PRODUCT_NAME = "$(TARGET_NAME)";
				TEST_HOST = "$(BUILT_PRODUCTS_DIR)/FLAdviewTest.app/FLAdviewTest";
			};
			name = Release;
		};
/* End XCBuildConfiguration section */

/* Begin XCConfigurationList section */
		185A5F911AFC93EA005846D8 /* Build configuration list for PBXProject "FLAdviewTest" */ = {
			isa = XCConfigurationList;
			buildConfigurations = (
				185A5FB71AFC93EA005846D8 /* Debug */,
				185A5FB81AFC93EA005846D8 /* Release */,
			);
			defaultConfigurationIsVisible = 0;
			defaultConfigurationName = Release;
		};
		185A5FB91AFC93EA005846D8 /* Build configuration list for PBXNativeTarget "FLAdviewTest" */ = {
			isa = XCConfigurationList;
			buildConfigurations = (
				185A5FBA1AFC93EA005846D8 /* Debug */,
				185A5FBB1AFC93EA005846D8 /* Release */,
			);
			defaultConfigurationIsVisible = 0;
		};
		185A5FBC1AFC93EA005846D8 /* Build configuration list for PBXNativeTarget "FLAdviewTestTests" */ = {
			isa = XCConfigurationList;
			buildConfigurations = (
				185A5FBD1AFC93EA005846D8 /* Debug */,
				185A5FBE1AFC93EA005846D8 /* Release */,
			);
			defaultConfigurationIsVisible = 0;
		};
/* End XCConfigurationList section */
	};
	rootObject = 185A5F8E1AFC93EA005846D8 /* Project object */;
}
